
Microsoft Visual Studio Solution File, Format Version 12.00
# Visual Studio 14
VisualStudioVersion = 14.0.24720.0
MinimumVisualStudioVersion = 10.0.40219.1
Project("{FAE04EC0-301F-11D3-BF4B-00C04F79EFBC}") = "WebApiApplication", "WebApiApplication\WebApiApplication.csproj", "{A473299D-FACB-4AEE-B9FC-4681102EFE44}"
EndProject
Project("{2150E333-8FDC-42A3-9474-1A3956D46DE8}") = "Common", "Common", "{DB7D5878-38FD-4784-BF72-12C4E54E2DED}"
EndProject
Project("{FAE04EC0-301F-11D3-BF4B-00C04F79EFBC}") = "Common", "..\..\Common\Common\Common.csproj", "{A5FCF60B-4F78-49D8-9154-F7CED8720F1A}"
EndProject
Global
	GlobalSection(SolutionConfigurationPlatforms) = preSolution
		Debug|Any CPU = Debug|Any CPU
		Release|Any CPU = Release|Any CPU
	EndGlobalSection
	GlobalSection(ProjectConfigurationPlatforms) = postSolution
		{A473299D-FACB-4AEE-B9FC-4681102EFE44}.Debug|Any CPU.ActiveCfg = Debug|Any CPU
		{A473299D-FACB-4AEE-B9FC-4681102EFE44}.Debug|Any CPU.Build.0 = Debug|Any CPU
		{A473299D-FACB-4AEE-B9FC-4681102EFE44}.Release|Any CPU.ActiveCfg = Release|Any CPU
		{A473299D-FACB-4AEE-B9FC-4681102EFE44}.Release|Any CPU.Build.0 = Release|Any CPU
		{A5FCF60B-4F78-49D8-9154-F7CED8720F1A}.Debug|Any CPU.ActiveCfg = Debug|Any CPU
		{A5FCF60B-4F78-49D8-9154-F7CED8720F1A}.Debug|Any CPU.Build.0 = Debug|Any CPU
		{A5FCF60B-4F78-49D8-9154-F7CED8720F1A}.Release|Any CPU.ActiveCfg = Release|Any CPU
		{A5FCF60B-4F78-49D8-9154-F7CED8720F1A}.Release|Any CPU.Build.0 = Release|Any CPU
	EndGlobalSection
	GlobalSection(SolutionProperties) = preSolution
		HideSolutionNode = FALSE
	EndGlobalSection
	GlobalSection(NestedProjects) = preSolution
		{A5FCF60B-4F78-49D8-9154-F7CED8720F1A} = {DB7D5878-38FD-4784-BF72-12C4E54E2DED}
	EndGlobalSection
EndGlobal
