
Microsoft Visual Studio Solution File, Format Version 12.00
# Visual Studio 14
VisualStudioVersion = 14.0.25123.0
MinimumVisualStudioVersion = 10.0.40219.1
Project("{F088123C-0E9E-452A-89E6-6BA2F21D5CAC}") = "Design", "Design\Design.modelproj", "{27EBAFEE-F0E2-423A-A7C6-5B1CC41C53CD}"
EndProject
Project("{FAE04EC0-301F-11D3-BF4B-00C04F79EFBC}") = "FamilyBooks.Common", "FamilyBooks.Common\FamilyBooks.Common.csproj", "{4A5D28F8-4C40-4197-9870-670792004F53}"
EndProject
Project("{FAE04EC0-301F-11D3-BF4B-00C04F79EFBC}") = "FamilyBooks.BusinessLogic", "FamilyBooks.BusinessLogic\FamilyBooks.BusinessLogic.csproj", "{A3D5061F-0B5B-48DB-BD6A-492E751D536A}"
EndProject
Project("{FAE04EC0-301F-11D3-BF4B-00C04F79EFBC}") = "FamilyBooks.Repository", "FamilyBooks.Repository\FamilyBooks.Repository.csproj", "{DDCA7585-A255-4175-9E3E-AC751D8D548B}"
EndProject
Project("{FAE04EC0-301F-11D3-BF4B-00C04F79EFBC}") = "FamilyBooks.Webapi", "FamilyBooks.Webapi\FamilyBooks.Webapi.csproj", "{3AD14551-BCE3-459B-A473-CDDF9748FE85}"
EndProject
Global
	GlobalSection(SolutionConfigurationPlatforms) = preSolution
		Debug|Any CPU = Debug|Any CPU
		Release|Any CPU = Release|Any CPU
	EndGlobalSection
	GlobalSection(ProjectConfigurationPlatforms) = postSolution
		{27EBAFEE-F0E2-423A-A7C6-5B1CC41C53CD}.Debug|Any CPU.ActiveCfg = Debug|Any CPU
		{27EBAFEE-F0E2-423A-A7C6-5B1CC41C53CD}.Debug|Any CPU.Build.0 = Debug|Any CPU
		{27EBAFEE-F0E2-423A-A7C6-5B1CC41C53CD}.Release|Any CPU.ActiveCfg = Release|Any CPU
		{27EBAFEE-F0E2-423A-A7C6-5B1CC41C53CD}.Release|Any CPU.Build.0 = Release|Any CPU
		{4A5D28F8-4C40-4197-9870-670792004F53}.Debug|Any CPU.ActiveCfg = Debug|Any CPU
		{4A5D28F8-4C40-4197-9870-670792004F53}.Debug|Any CPU.Build.0 = Debug|Any CPU
		{4A5D28F8-4C40-4197-9870-670792004F53}.Release|Any CPU.ActiveCfg = Release|Any CPU
		{4A5D28F8-4C40-4197-9870-670792004F53}.Release|Any CPU.Build.0 = Release|Any CPU
		{A3D5061F-0B5B-48DB-BD6A-492E751D536A}.Debug|Any CPU.ActiveCfg = Debug|Any CPU
		{A3D5061F-0B5B-48DB-BD6A-492E751D536A}.Debug|Any CPU.Build.0 = Debug|Any CPU
		{A3D5061F-0B5B-48DB-BD6A-492E751D536A}.Release|Any CPU.ActiveCfg = Release|Any CPU
		{A3D5061F-0B5B-48DB-BD6A-492E751D536A}.Release|Any CPU.Build.0 = Release|Any CPU
		{DDCA7585-A255-4175-9E3E-AC751D8D548B}.Debug|Any CPU.ActiveCfg = Debug|Any CPU
		{DDCA7585-A255-4175-9E3E-AC751D8D548B}.Debug|Any CPU.Build.0 = Debug|Any CPU
		{DDCA7585-A255-4175-9E3E-AC751D8D548B}.Release|Any CPU.ActiveCfg = Release|Any CPU
		{DDCA7585-A255-4175-9E3E-AC751D8D548B}.Release|Any CPU.Build.0 = Release|Any CPU
		{3AD14551-BCE3-459B-A473-CDDF9748FE85}.Debug|Any CPU.ActiveCfg = Debug|Any CPU
		{3AD14551-BCE3-459B-A473-CDDF9748FE85}.Debug|Any CPU.Build.0 = Debug|Any CPU
		{3AD14551-BCE3-459B-A473-CDDF9748FE85}.Release|Any CPU.ActiveCfg = Release|Any CPU
		{3AD14551-BCE3-459B-A473-CDDF9748FE85}.Release|Any CPU.Build.0 = Release|Any CPU
	EndGlobalSection
	GlobalSection(SolutionProperties) = preSolution
		HideSolutionNode = FALSE
	EndGlobalSection
EndGlobal
